github.com/on-nix/theme v0.0.0-20211028033721-0f05652a5a29 h1:pMgDNb+YAEjxbm8m+aJuQDxEsimexuk+K02kJnSBmNo=
github.com/on-nix/theme v0.0.0-20211028033721-0f05652a5a29/go.mod h1:AY7uBQ2mWxVv2lZXR7lszmKKZLGg9lvWaXaoEWxjBiM=
github.com/on-nix/theme v0.0.0-20211031004346-d2f1114ae17e h1:gYbuOFB+/2/Jyje50Hs+XFVeSdPwV7QF92e94U7faj0=
github.com/on-nix/theme v0.0.0-20211031004346-d2f1114ae17e/go.mod h1:AY7uBQ2mWxVv2lZXR7lszmKKZLGg9lvWaXaoEWxjBiM=
github.com/on-nix/theme v0.0.0-20211031075925-dbc9e910c16b h1:tRtqOfOSnvd0Bui19MJg/p5hSMLKSF16/QbpubKRm34=
github.com/on-nix/theme v0.0.0-20211031075925-dbc9e910c16b/go.mod h1:AY7uBQ2mWxVv2lZXR7lszmKKZLGg9lvWaXaoEWxjBiM=
