github.com/on-nix/theme v0.0.0-20211028033721-0f05652a5a29 h1:pMgDNb+YAEjxbm8m+aJuQDxEsimexuk+K02kJnSBmNo=
github.com/on-nix/theme v0.0.0-20211028033721-0f05652a5a29/go.mod h1:AY7uBQ2mWxVv2lZXR7lszmKKZLGg9lvWaXaoEWxjBiM=
github.com/on-nix/theme v0.0.0-20211031004346-d2f1114ae17e h1:gYbuOFB+/2/Jyje50Hs+XFVeSdPwV7QF92e94U7faj0=
github.com/on-nix/theme v0.0.0-20211031004346-d2f1114ae17e/go.mod h1:AY7uBQ2mWxVv2lZXR7lszmKKZLGg9lvWaXaoEWxjBiM=
github.com/on-nix/theme v0.0.0-20211031075925-dbc9e910c16b h1:tRtqOfOSnvd0Bui19MJg/p5hSMLKSF16/QbpubKRm34=
github.com/on-nix/theme v0.0.0-20211031075925-dbc9e910c16b/go.mod h1:AY7uBQ2mWxVv2lZXR7lszmKKZLGg9lvWaXaoEWxjBiM=
github.com/on-nix/theme v0.0.0-20211031081058-8f3a83db7ee0 h1:A86vjBESGyOEmgce0umufMMPpnL2RTMxiw2xumoKuvg=
github.com/on-nix/theme v0.0.0-20211031081058-8f3a83db7ee0/go.mod h1:AY7uBQ2mWxVv2lZXR7lszmKKZLGg9lvWaXaoEWxjBiM=
github.com/on-nix/theme v0.0.0-20211031082716-054be3514cae h1:EWMl645t30FFR0mFldez5dxHZgcOnPccZ4P3FNh9TpU=
github.com/on-nix/theme v0.0.0-20211031082716-054be3514cae/go.mod h1:AY7uBQ2mWxVv2lZXR7lszmKKZLGg9lvWaXaoEWxjBiM=
github.com/on-nix/theme v0.0.0-20211031083106-6613669823e7 h1:hnHxsFpWWWLsGTtKUA7s/SpdhJmfNyOYibpSJhEVd1Y=
github.com/on-nix/theme v0.0.0-20211031083106-6613669823e7/go.mod h1:AY7uBQ2mWxVv2lZXR7lszmKKZLGg9lvWaXaoEWxjBiM=
